{
  "name": "ai-agent-tools",
  "version": "0.1.1",
  "lockfileVersion": 3,
  "requires": true,
  "packages": {
    "": {
      "name": "ai-agent-tools",
      "version": "0.1.1",
      "license": "Apache-2.0",
      "bin": {
        "ait": "bin/ait.js"
      },
      "engines": {
        "node": "^22.13.0 || ^24.0.0"
      }
    }
  }
}
