{
  "name": "agent-cfml-policy-check",
  "version": "0.1.0",
  "lockfileVersion": 3,
  "requires": true,
  "packages": {
    "": {
      "name": "agent-cfml-policy-check",
      "version": "0.1.0",
      "license": "UNLICENSED",
      "bin": {
        "agent-cfml-policy-check": "src/cli.js"
      },
      "engines": {
        "node": ">=20"
      }
    }
  }
}
